
Microsoft Visual Studio Solution File, Format Version 12.00
# Visual Studio Version 17
VisualStudioVersion = 17.14.36301.6 d17.14
MinimumVisualStudioVersion = 10.0.40219.1
Project("{FAE04EC0-301F-11D3-BF4B-00C04F79EFBC}") = "ConsoleApp1", "ConsoleApp1\ConsoleApp1.csproj", "{49632522-B6F6-408C-A759-5278133BEC87}"
EndProject
Project("{FAE04EC0-301F-11D3-BF4B-00C04F79EFBC}") = "ConsoleApp2", "ConsoleApp2\ConsoleApp2.csproj", "{18C061D1-C3D1-46A5-8FA6-E6CD305E10CE}"
EndProject
Global
	GlobalSection(SolutionConfigurationPlatforms) = preSolution
		Debug|Any CPU = Debug|Any CPU
		Release|Any CPU = Release|Any CPU
	EndGlobalSection
	GlobalSection(ProjectConfigurationPlatforms) = postSolution
		{49632522-B6F6-408C-A759-5278133BEC87}.Debug|Any CPU.ActiveCfg = Debug|Any CPU
		{49632522-B6F6-408C-A759-5278133BEC87}.Debug|Any CPU.Build.0 = Debug|Any CPU
		{49632522-B6F6-408C-A759-5278133BEC87}.Release|Any CPU.ActiveCfg = Release|Any CPU
		{49632522-B6F6-408C-A759-5278133BEC87}.Release|Any CPU.Build.0 = Release|Any CPU
		{18C061D1-C3D1-46A5-8FA6-E6CD305E10CE}.Debug|Any CPU.ActiveCfg = Debug|Any CPU
		{18C061D1-C3D1-46A5-8FA6-E6CD305E10CE}.Debug|Any CPU.Build.0 = Debug|Any CPU
		{18C061D1-C3D1-46A5-8FA6-E6CD305E10CE}.Release|Any CPU.ActiveCfg = Release|Any CPU
		{18C061D1-C3D1-46A5-8FA6-E6CD305E10CE}.Release|Any CPU.Build.0 = Release|Any CPU
	EndGlobalSection
	GlobalSection(SolutionProperties) = preSolution
		HideSolutionNode = FALSE
	EndGlobalSection
	GlobalSection(ExtensibilityGlobals) = postSolution
		SolutionGuid = {0C1B7182-B378-4EB8-9731-77F4846D3596}
	EndGlobalSection
EndGlobal
